
Microsoft Visual Studio Solution File, Format Version 12.00
# Visual Studio Version 17
VisualStudioVersion = 17.4.33103.184
MinimumVisualStudioVersion = 10.0.40219.1
Project("{FAE04EC0-301F-11D3-BF4B-00C04F79EFBC}") = "AADExtendedAttributesDemo", "AADExtendedAttributesDemo\AADExtendedAttributesDemo.csproj", "{2673EB24-E786-4BEE-BA54-4BDA522296DC}"
EndProject
Global
	GlobalSection(SolutionConfigurationPlatforms) = preSolution
		Debug|Any CPU = Debug|Any CPU
		Release|Any CPU = Release|Any CPU
	EndGlobalSection
	GlobalSection(ProjectConfigurationPlatforms) = postSolution
		{2673EB24-E786-4BEE-BA54-4BDA522296DC}.Debug|Any CPU.ActiveCfg = Debug|Any CPU
		{2673EB24-E786-4BEE-BA54-4BDA522296DC}.Debug|Any CPU.Build.0 = Debug|Any CPU
		{2673EB24-E786-4BEE-BA54-4BDA522296DC}.Release|Any CPU.ActiveCfg = Release|Any CPU
		{2673EB24-E786-4BEE-BA54-4BDA522296DC}.Release|Any CPU.Build.0 = Release|Any CPU
	EndGlobalSection
	GlobalSection(SolutionProperties) = preSolution
		HideSolutionNode = FALSE
	EndGlobalSection
	GlobalSection(ExtensibilityGlobals) = postSolution
		SolutionGuid = {09CDD1B2-A2D6-4D92-8B8A-4CFA40FE07A3}
	EndGlobalSection
EndGlobal
